
Microsoft Visual Studio Solution File, Format Version 12.00
# Visual Studio Version 16
VisualStudioVersion = 16.0.29709.97
MinimumVisualStudioVersion = 10.0.40219.1
Project("{FAE04EC0-301F-11D3-BF4B-00C04F79EFBC}") = "AzureAppInsightsSimpleQuery", "AzureAppInsightsSimpleQuery.csproj", "{5F6A6EA6-CCE9-4526-88F7-B7C3DE1CC8E8}"
EndProject
Project("{FAE04EC0-301F-11D3-BF4B-00C04F79EFBC}") = "AppInsightClient", "..\AppInsightClient\AppInsightClient.csproj", "{2AB94CCD-03E2-4CE0-8545-EE67DF499A17}"
EndProject
Project("{FAE04EC0-301F-11D3-BF4B-00C04F79EFBC}") = "AppInsightsQueryTest", "..\AppInsightsQueryTest\AppInsightsQueryTest.csproj", "{680DFECC-BF03-46AC-9879-6F6A8FAEBCE6}"
EndProject
Global
	GlobalSection(SolutionConfigurationPlatforms) = preSolution
		Debug|Any CPU = Debug|Any CPU
		Release|Any CPU = Release|Any CPU
	EndGlobalSection
	GlobalSection(ProjectConfigurationPlatforms) = postSolution
		{5F6A6EA6-CCE9-4526-88F7-B7C3DE1CC8E8}.Debug|Any CPU.ActiveCfg = Debug|Any CPU
		{5F6A6EA6-CCE9-4526-88F7-B7C3DE1CC8E8}.Debug|Any CPU.Build.0 = Debug|Any CPU
		{5F6A6EA6-CCE9-4526-88F7-B7C3DE1CC8E8}.Release|Any CPU.ActiveCfg = Release|Any CPU
		{5F6A6EA6-CCE9-4526-88F7-B7C3DE1CC8E8}.Release|Any CPU.Build.0 = Release|Any CPU
		{2AB94CCD-03E2-4CE0-8545-EE67DF499A17}.Debug|Any CPU.ActiveCfg = Debug|Any CPU
		{2AB94CCD-03E2-4CE0-8545-EE67DF499A17}.Debug|Any CPU.Build.0 = Debug|Any CPU
		{2AB94CCD-03E2-4CE0-8545-EE67DF499A17}.Release|Any CPU.ActiveCfg = Release|Any CPU
		{2AB94CCD-03E2-4CE0-8545-EE67DF499A17}.Release|Any CPU.Build.0 = Release|Any CPU
		{680DFECC-BF03-46AC-9879-6F6A8FAEBCE6}.Debug|Any CPU.ActiveCfg = Debug|Any CPU
		{680DFECC-BF03-46AC-9879-6F6A8FAEBCE6}.Debug|Any CPU.Build.0 = Debug|Any CPU
		{680DFECC-BF03-46AC-9879-6F6A8FAEBCE6}.Release|Any CPU.ActiveCfg = Release|Any CPU
		{680DFECC-BF03-46AC-9879-6F6A8FAEBCE6}.Release|Any CPU.Build.0 = Release|Any CPU
	EndGlobalSection
	GlobalSection(SolutionProperties) = preSolution
		HideSolutionNode = FALSE
	EndGlobalSection
	GlobalSection(ExtensibilityGlobals) = postSolution
		SolutionGuid = {1A97D6DC-FB7A-4CFC-B839-5F84D6B76507}
	EndGlobalSection
EndGlobal
